
Microsoft Visual Studio Solution File, Format Version 12.00
# Visual Studio Version 17
VisualStudioVersion = 17.10.35013.160
MinimumVisualStudioVersion = 10.0.40219.1
Project("{FAE04EC0-301F-11D3-BF4B-00C04F79EFBC}") = "CheckPerfectNumber", "CheckPerfectNumber\CheckPerfectNumber.csproj", "{F5D7DAF8-A3A6-49BF-B7E6-80998C61BBAA}"
EndProject
Global
	GlobalSection(SolutionConfigurationPlatforms) = preSolution
		Debug|Any CPU = Debug|Any CPU
		Release|Any CPU = Release|Any CPU
	EndGlobalSection
	GlobalSection(ProjectConfigurationPlatforms) = postSolution
		{F5D7DAF8-A3A6-49BF-B7E6-80998C61BBAA}.Debug|Any CPU.ActiveCfg = Debug|Any CPU
		{F5D7DAF8-A3A6-49BF-B7E6-80998C61BBAA}.Debug|Any CPU.Build.0 = Debug|Any CPU
		{F5D7DAF8-A3A6-49BF-B7E6-80998C61BBAA}.Release|Any CPU.ActiveCfg = Release|Any CPU
		{F5D7DAF8-A3A6-49BF-B7E6-80998C61BBAA}.Release|Any CPU.Build.0 = Release|Any CPU
	EndGlobalSection
	GlobalSection(SolutionProperties) = preSolution
		HideSolutionNode = FALSE
	EndGlobalSection
	GlobalSection(ExtensibilityGlobals) = postSolution
		SolutionGuid = {6E9A28FC-5001-4174-ACDE-24880B7943FA}
	EndGlobalSection
EndGlobal
